// !$*UTF8*$!
{
	archiveVersion = 1;
	classes = {
	};
	objectVersion = 46;
	objects = {

/* Begin PBXBuildFile section */
		9E6AA18ED279DD05F00E6408 /* Pods_Alamofire___.framework in Frameworks */ = {isa = PBXBuildFile; fileRef = 05A6CCEA896ECDBCCD438DC7 /* Pods_Alamofire___.framework */; };
		E70D526E1F0F691B005B06BE /* NetworkTools.swift in Sources */ = {isa = PBXBuildFile; fileRef = E70D526D1F0F691B005B06BE /* NetworkTools.swift */; };
		E722E5651F0F5BB10060B5F7 /* AppDelegate.swift in Sources */ = {isa = PBXBuildFile; fileRef = E722E5641F0F5BB10060B5F7 /* AppDelegate.swift */; };
		E722E5671F0F5BB10060B5F7 /* ViewController.swift in Sources */ = {isa = PBXBuildFile; fileRef = E722E5661F0F5BB10060B5F7 /* ViewController.swift */; };
		E722E56A1F0F5BB10060B5F7 /* Main.storyboard in Resources */ = {isa = PBXBuildFile; fileRef = E722E5681F0F5BB10060B5F7 /* Main.storyboard */; };
		E722E56C1F0F5BB10060B5F7 /* Assets.xcassets in Resources */ = {isa = PBXBuildFile; fileRef = E722E56B1F0F5BB10060B5F7 /* Assets.xcassets */; };
		E722E56F1F0F5BB10060B5F7 /* LaunchScreen.storyboard in Resources */ = {isa = PBXBuildFile; fileRef = E722E56D1F0F5BB10060B5F7 /* LaunchScreen.storyboard */; };
/* End PBXBuildFile section */

/* Begin PBXFileReference section */
		05A6CCEA896ECDBCCD438DC7 /* Pods_Alamofire___.framework */ = {isa = PBXFileReference; explicitFileType = wrapper.framework; includeInIndex = 0; path = "Pods_Alamofire___.framework"; sourceTree = BUILT_PRODUCTS_DIR; };
		23C48F34C7F76E1A187B5422 /* Pods-Alamofire的测试.release.xcconfig */ = {isa = PBXFileReference; includeInIndex = 1; lastKnownFileType = text.xcconfig; name = "Pods-Alamofire的测试.release.xcconfig"; path = "Pods/Target Support Files/Pods-Alamofire的测试/Pods-Alamofire的测试.release.xcconfig"; sourceTree = "<group>"; };
		3CC0C8AC7EDE1801BD520402 /* Pods-Alamofire的测试.debug.xcconfig */ = {isa = PBXFileReference; includeInIndex = 1; lastKnownFileType = text.xcconfig; name = "Pods-Alamofire的测试.debug.xcconfig"; path = "Pods/Target Support Files/Pods-Alamofire的测试/Pods-Alamofire的测试.debug.xcconfig"; sourceTree = "<group>"; };
		E70D526D1F0F691B005B06BE /* NetworkTools.swift */ = {isa = PBXFileReference; fileEncoding = 4; lastKnownFileType = sourcecode.swift; path = NetworkTools.swift; sourceTree = "<group>"; };
		E722E5611F0F5BB10060B5F7 /* Alamofire的测试.app */ = {isa = PBXFileReference; explicitFileType = wrapper.application; includeInIndex = 0; path = "Alamofire的测试.app"; sourceTree = BUILT_PRODUCTS_DIR; };
		E722E5641F0F5BB10060B5F7 /* AppDelegate.swift */ = {isa = PBXFileReference; lastKnownFileType = sourcecode.swift; path = AppDelegate.swift; sourceTree = "<group>"; };
		E722E5661F0F5BB10060B5F7 /* ViewController.swift */ = {isa = PBXFileReference; lastKnownFileType = sourcecode.swift; path = ViewController.swift; sourceTree = "<group>"; };
		E722E5691F0F5BB10060B5F7 /* Base */ = {isa = PBXFileReference; lastKnownFileType = file.storyboard; name = Base; path = Base.lproj/Main.storyboard; sourceTree = "<group>"; };
		E722E56B1F0F5BB10060B5F7 /* Assets.xcassets */ = {isa = PBXFileReference; lastKnownFileType = folder.assetcatalog; path = Assets.xcassets; sourceTree = "<group>"; };
		E722E56E1F0F5BB10060B5F7 /* Base */ = {isa = PBXFileReference; lastKnownFileType = file.storyboard; name = Base; path = Base.lproj/LaunchScreen.storyboard; sourceTree = "<group>"; };
		E722E5701F0F5BB10060B5F7 /* Info.plist */ = {isa = PBXFileReference; lastKnownFileType = text.plist.xml; path = Info.plist; sourceTree = "<group>"; };
/* End PBXFileReference section */

/* Begin PBXFrameworksBuildPhase section */
		E722E55E1F0F5BB10060B5F7 /* Frameworks */ = {
			isa = PBXFrameworksBuildPhase;
			buildActionMask = 2147483647;
			files = (
				9E6AA18ED279DD05F00E6408 /* Pods_Alamofire___.framework in Frameworks */,
			);
			runOnlyForDeploymentPostprocessing = 0;
		};
/* End PBXFrameworksBuildPhase section */

/* Begin PBXGroup section */
		407D8C215B0D6F5EC5207719 /* Pods */ = {
			isa = PBXGroup;
			children = (
				3CC0C8AC7EDE1801BD520402 /* Pods-Alamofire的测试.debug.xcconfig */,
				23C48F34C7F76E1A187B5422 /* Pods-Alamofire的测试.release.xcconfig */,
			);
			name = Pods;
			sourceTree = "<group>";
		};
		7A4A60265EAD7BB1E752344F /* Frameworks */ = {
			isa = PBXGroup;
			children = (
				05A6CCEA896ECDBCCD438DC7 /* Pods_Alamofire___.framework */,
			);
			name = Frameworks;
			sourceTree = "<group>";
		};
		E722E5581F0F5BB10060B5F7 = {
			isa = PBXGroup;
			children = (
				E722E5631F0F5BB10060B5F7 /* Alamofire的测试 */,
				E722E5621F0F5BB10060B5F7 /* Products */,
				407D8C215B0D6F5EC5207719 /* Pods */,
				7A4A60265EAD7BB1E752344F /* Frameworks */,
			);
			sourceTree = "<group>";
		};
		E722E5621F0F5BB10060B5F7 /* Products */ = {
			isa = PBXGroup;
			children = (
				E722E5611F0F5BB10060B5F7 /* Alamofire的测试.app */,
			);
			name = Products;
			sourceTree = "<group>";
		};
		E722E5631F0F5BB10060B5F7 /* Alamofire的测试 */ = {
			isa = PBXGroup;
			children = (
				E722E5641F0F5BB10060B5F7 /* AppDelegate.swift */,
				E722E5661F0F5BB10060B5F7 /* ViewController.swift */,
				E722E5681F0F5BB10060B5F7 /* Main.storyboard */,
				E722E56B1F0F5BB10060B5F7 /* Assets.xcassets */,
				E722E56D1F0F5BB10060B5F7 /* LaunchScreen.storyboard */,
				E722E5701F0F5BB10060B5F7 /* Info.plist */,
				E70D526D1F0F691B005B06BE /* NetworkTools.swift */,
			);
			path = "Alamofire的测试";
			sourceTree = "<group>";
		};
/* End PBXGroup section */

/* Begin PBXNativeTarget section */
		E722E5601F0F5BB10060B5F7 /* Alamofire的测试 */ = {
			isa = PBXNativeTarget;
			buildConfigurationList = E722E5731F0F5BB10060B5F7 /* Build configuration list for PBXNativeTarget "Alamofire的测试" */;
			buildPhases = (
				6E9DAC2F8F440B8DEB1D9699 /* [CP] Check Pods Manifest.lock */,
				E722E55D1F0F5BB10060B5F7 /* Sources */,
				E722E55E1F0F5BB10060B5F7 /* Frameworks */,
				E722E55F1F0F5BB10060B5F7 /* Resources */,
				525EEB4245CCE4DCF6F6AE9D /* [CP] Embed Pods Frameworks */,
				77BFBDA08C22D66B710366B6 /* [CP] Copy Pods Resources */,
			);
			buildRules = (
			);
			dependencies = (
			);
			name = "Alamofire的测试";
			productName = "Alamofire的测试";
			productReference = E722E5611F0F5BB10060B5F7 /* Alamofire的测试.app */;
			productType = "com.apple.product-type.application";
		};
/* End PBXNativeTarget section */

/* Begin PBXProject section */
		E722E5591F0F5BB10060B5F7 /* Project object */ = {
			isa = PBXProject;
			attributes = {
				LastSwiftUpdateCheck = 0830;
				LastUpgradeCheck = 0830;
				ORGANIZATIONNAME = zhushuai;
				TargetAttributes = {
					E722E5601F0F5BB10060B5F7 = {
						CreatedOnToolsVersion = 8.3.3;
						ProvisioningStyle = Automatic;
					};
				};
			};
			buildConfigurationList = E722E55C1F0F5BB10060B5F7 /* Build configuration list for PBXProject "Alamofire的测试" */;
			compatibilityVersion = "Xcode 3.2";
			developmentRegion = English;
			hasScannedForEncodings = 0;
			knownRegions = (
				en,
				Base,
			);
			mainGroup = E722E5581F0F5BB10060B5F7;
			productRefGroup = E722E5621F0F5BB10060B5F7 /* Products */;
			projectDirPath = "";
			projectRoot = "";
			targets = (
				E722E5601F0F5BB10060B5F7 /* Alamofire的测试 */,
			);
		};
/* End PBXProject section */

/* Begin PBXResourcesBuildPhase section */
		E722E55F1F0F5BB10060B5F7 /* Resources */ = {
			isa = PBXResourcesBuildPhase;
			buildActionMask = 2147483647;
			files = (
				E722E56F1F0F5BB10060B5F7 /* LaunchScreen.storyboard in Resources */,
				E722E56C1F0F5BB10060B5F7 /* Assets.xcassets in Resources */,
				E722E56A1F0F5BB10060B5F7 /* Main.storyboard in Resources */,
			);
			runOnlyForDeploymentPostprocessing = 0;
		};
/* End PBXResourcesBuildPhase section */

/* Begin PBXShellScriptBuildPhase section */
		525EEB4245CCE4DCF6F6AE9D /* [CP] Embed Pods Frameworks */ = {
			isa = PBXShellScriptBuildPhase;
			buildActionMask = 2147483647;
			files = (
			);
			inputPaths = (
			);
			name = "[CP] Embed Pods Frameworks";
			outputPaths = (
			);
			runOnlyForDeploymentPostprocessing = 0;
			shellPath = /bin/sh;
			shellScript = "\"${SRCROOT}/Pods/Target Support Files/Pods-Alamofire的测试/Pods-Alamofire的测试-frameworks.sh\"\n";
			showEnvVarsInLog = 0;
		};
		6E9DAC2F8F440B8DEB1D9699 /* [CP] Check Pods Manifest.lock */ = {
			isa = PBXShellScriptBuildPhase;
			buildActionMask = 2147483647;
			files = (
			);
			inputPaths = (
			);
			name = "[CP] Check Pods Manifest.lock";
			outputPaths = (
			);
			runOnlyForDeploymentPostprocessing = 0;
			shellPath = /bin/sh;
			shellScript = "diff \"${PODS_PODFILE_DIR_PATH}/Podfile.lock\" \"${PODS_ROOT}/Manifest.lock\" > /dev/null\nif [ $? != 0 ] ; then\n    # print error to STDERR\n    echo \"error: The sandbox is not in sync with the Podfile.lock. Run 'pod install' or update your CocoaPods installation.\" >&2\n    exit 1\nfi\n";
			showEnvVarsInLog = 0;
		};
		77BFBDA08C22D66B710366B6 /* [CP] Copy Pods Resources */ = {
			isa = PBXShellScriptBuildPhase;
			buildActionMask = 2147483647;
			files = (
			);
			inputPaths = (
			);
			name = "[CP] Copy Pods Resources";
			outputPaths = (
			);
			runOnlyForDeploymentPostprocessing = 0;
			shellPath = /bin/sh;
			shellScript = "\"${SRCROOT}/Pods/Target Support Files/Pods-Alamofire的测试/Pods-Alamofire的测试-resources.sh\"\n";
			showEnvVarsInLog = 0;
		};
/* End PBXShellScriptBuildPhase section */

/* Begin PBXSourcesBuildPhase section */
		E722E55D1F0F5BB10060B5F7 /* Sources */ = {
			isa = PBXSourcesBuildPhase;
			buildActionMask = 2147483647;
			files = (
				E722E5671F0F5BB10060B5F7 /* ViewController.swift in Sources */,
				E722E5651F0F5BB10060B5F7 /* AppDelegate.swift in Sources */,
				E70D526E1F0F691B005B06BE /* NetworkTools.swift in Sources */,
			);
			runOnlyForDeploymentPostprocessing = 0;
		};
/* End PBXSourcesBuildPhase section */

/* Begin PBXVariantGroup section */
		E722E5681F0F5BB10060B5F7 /* Main.storyboard */ = {
			isa = PBXVariantGroup;
			children = (
				E722E5691F0F5BB10060B5F7 /* Base */,
			);
			name = Main.storyboard;
			sourceTree = "<group>";
		};
		E722E56D1F0F5BB10060B5F7 /* LaunchScreen.storyboard */ = {
			isa = PBXVariantGroup;
			children = (
				E722E56E1F0F5BB10060B5F7 /* Base */,
			);
			name = LaunchScreen.storyboard;
			sourceTree = "<group>";
		};
/* End PBXVariantGroup section */

/* Begin XCBuildConfiguration section */
		E722E5711F0F5BB10060B5F7 /* Debug */ = {
			isa = XCBuildConfiguration;
			buildSettings = {
				ALWAYS_SEARCH_USER_PATHS = NO;
				CLANG_ANALYZER_NONNULL = YES;
				CLANG_ANALYZER_NUMBER_OBJECT_CONVERSION = YES_AGGRESSIVE;
				CLANG_CXX_LANGUAGE_STANDARD = "gnu++0x";
				CLANG_CXX_LIBRARY = "libc++";
				CLANG_ENABLE_MODULES = YES;
				CLANG_ENABLE_OBJC_ARC = YES;
				CLANG_WARN_BOOL_CONVERSION = YES;
				CLANG_WARN_CONSTANT_CONVERSION = YES;
				CLANG_WARN_DIRECT_OBJC_ISA_USAGE = YES_ERROR;
				CLANG_WARN_DOCUMENTATION_COMMENTS = YES;
				CLANG_WARN_EMPTY_BODY = YES;
				CLANG_WARN_ENUM_CONVERSION = YES;
				CLANG_WARN_INFINITE_RECURSION = YES;
				CLANG_WARN_INT_CONVERSION = YES;
				CLANG_WARN_OBJC_ROOT_CLASS = YES_ERROR;
				CLANG_WARN_SUSPICIOUS_MOVE = YES;
				CLANG_WARN_UNREACHABLE_CODE = YES;
				CLANG_WARN__DUPLICATE_METHOD_MATCH = YES;
				"CODE_SIGN_IDENTITY[sdk=iphoneos*]" = "iPhone Developer";
				COPY_PHASE_STRIP = NO;
				DEBUG_INFORMATION_FORMAT = dwarf;
				ENABLE_STRICT_OBJC_MSGSEND = YES;
				ENABLE_TESTABILITY = YES;
				GCC_C_LANGUAGE_STANDARD = gnu99;
				GCC_DYNAMIC_NO_PIC = NO;
				GCC_NO_COMMON_BLOCKS = YES;
				GCC_OPTIMIZATION_LEVEL = 0;
				GCC_PREPROCESSOR_DEFINITIONS = (
					"DEBUG=1",
					"$(inherited)",
				);
				GCC_WARN_64_TO_32_BIT_CONVERSION = YES;
				GCC_WARN_ABOUT_RETURN_TYPE = YES_ERROR;
				GCC_WARN_UNDECLARED_SELECTOR = YES;
				GCC_WARN_UNINITIALIZED_AUTOS = YES_AGGRESSIVE;
				GCC_WARN_UNUSED_FUNCTION = YES;
				GCC_WARN_UNUSED_VARIABLE = YES;
				IPHONEOS_DEPLOYMENT_TARGET = 10.3;
				MTL_ENABLE_DEBUG_INFO = YES;
				ONLY_ACTIVE_ARCH = YES;
				SDKROOT = iphoneos;
				SWIFT_ACTIVE_COMPILATION_CONDITIONS = DEBUG;
				SWIFT_OPTIMIZATION_LEVEL = "-Onone";
			};
			name = Debug;
		};
		E722E5721F0F5BB10060B5F7 /* Release */ = {
			isa = XCBuildConfiguration;
			buildSettings = {
				ALWAYS_SEARCH_USER_PATHS = NO;
				CLANG_ANALYZER_NONNULL = YES;
				CLANG_ANALYZER_NUMBER_OBJECT_CONVERSION = YES_AGGRESSIVE;
				CLANG_CXX_LANGUAGE_STANDARD = "gnu++0x";
				CLANG_CXX_LIBRARY = "libc++";
				CLANG_ENABLE_MODULES = YES;
				CLANG_ENABLE_OBJC_ARC = YES;
				CLANG_WARN_BOOL_CONVERSION = YES;
				CLANG_WARN_CONSTANT_CONVERSION = YES;
				CLANG_WARN_DIRECT_OBJC_ISA_USAGE = YES_ERROR;
				CLANG_WARN_DOCUMENTATION_COMMENTS = YES;
				CLANG_WARN_EMPTY_BODY = YES;
				CLANG_WARN_ENUM_CONVERSION = YES;
				CLANG_WARN_INFINITE_RECURSION = YES;
				CLANG_WARN_INT_CONVERSION = YES;
				CLANG_WARN_OBJC_ROOT_CLASS = YES_ERROR;
				CLANG_WARN_SUSPICIOUS_MOVE = YES;
				CLANG_WARN_UNREACHABLE_CODE = YES;
				CLANG_WARN__DUPLICATE_METHOD_MATCH = YES;
				"CODE_SIGN_IDENTITY[sdk=iphoneos*]" = "iPhone Developer";
				COPY_PHASE_STRIP = NO;
				DEBUG_INFORMATION_FORMAT = "dwarf-with-dsym";
				ENABLE_NS_ASSERTIONS = NO;
				ENABLE_STRICT_OBJC_MSGSEND = YES;
				GCC_C_LANGUAGE_STANDARD = gnu99;
				GCC_NO_COMMON_BLOCKS = YES;
				GCC_WARN_64_TO_32_BIT_CONVERSION = YES;
				GCC_WARN_ABOUT_RETURN_TYPE = YES_ERROR;
				GCC_WARN_UNDECLARED_SELECTOR = YES;
				GCC_WARN_UNINITIALIZED_AUTOS = YES_AGGRESSIVE;
				GCC_WARN_UNUSED_FUNCTION = YES;
				GCC_WARN_UNUSED_VARIABLE = YES;
				IPHONEOS_DEPLOYMENT_TARGET = 10.3;
				MTL_ENABLE_DEBUG_INFO = NO;
				SDKROOT = iphoneos;
				SWIFT_OPTIMIZATION_LEVEL = "-Owholemodule";
				VALIDATE_PRODUCT = YES;
			};
			name = Release;
		};
		E722E5741F0F5BB10060B5F7 /* Debug */ = {
			isa = XCBuildConfiguration;
			baseConfigurationReference = 3CC0C8AC7EDE1801BD520402 /* Pods-Alamofire的测试.debug.xcconfig */;
			buildSettings = {
				ASSETCATALOG_COMPILER_APPICON_NAME = AppIcon;
				INFOPLIST_FILE = "Alamofire的测试/Info.plist";
				LD_RUNPATH_SEARCH_PATHS = "$(inherited) @executable_path/Frameworks";
				PRODUCT_BUNDLE_IDENTIFIER = "DXC.Alamofire---";
				PRODUCT_NAME = "$(TARGET_NAME)";
				SWIFT_VERSION = 3.0;
			};
			name = Debug;
		};
		E722E5751F0F5BB10060B5F7 /* Release */ = {
			isa = XCBuildConfiguration;
			baseConfigurationReference = 23C48F34C7F76E1A187B5422 /* Pods-Alamofire的测试.release.xcconfig */;
			buildSettings = {
				ASSETCATALOG_COMPILER_APPICON_NAME = AppIcon;
				INFOPLIST_FILE = "Alamofire的测试/Info.plist";
				LD_RUNPATH_SEARCH_PATHS = "$(inherited) @executable_path/Frameworks";
				PRODUCT_BUNDLE_IDENTIFIER = "DXC.Alamofire---";
				PRODUCT_NAME = "$(TARGET_NAME)";
				SWIFT_VERSION = 3.0;
			};
			name = Release;
		};
/* End XCBuildConfiguration section */

/* Begin XCConfigurationList section */
		E722E55C1F0F5BB10060B5F7 /* Build configuration list for PBXProject "Alamofire的测试" */ = {
			isa = XCConfigurationList;
			buildConfigurations = (
				E722E5711F0F5BB10060B5F7 /* Debug */,
				E722E5721F0F5BB10060B5F7 /* Release */,
			);
			defaultConfigurationIsVisible = 0;
			defaultConfigurationName = Release;
		};
		E722E5731F0F5BB10060B5F7 /* Build configuration list for PBXNativeTarget "Alamofire的测试" */ = {
			isa = XCConfigurationList;
			buildConfigurations = (
				E722E5741F0F5BB10060B5F7 /* Debug */,
				E722E5751F0F5BB10060B5F7 /* Release */,
			);
			defaultConfigurationIsVisible = 0;
			defaultConfigurationName = Release;
		};
/* End XCConfigurationList section */
	};
	rootObject = E722E5591F0F5BB10060B5F7 /* Project object */;
}
